
Microsoft Visual Studio Solution File, Format Version 12.00
# Visual Studio Version 17
VisualStudioVersion = 17.1.32407.343
MinimumVisualStudioVersion = 10.0.40219.1
Project("{FAE04EC0-301F-11D3-BF4B-00C04F79EFBC}") = "Blazor_LocalStorage", "Blazor_LocalStorage\Blazor_LocalStorage.csproj", "{3ED2F94C-E264-4BCC-AEA8-B322DD9F8081}"
EndProject
Global
	GlobalSection(SolutionConfigurationPlatforms) = preSolution
		Debug|Any CPU = Debug|Any CPU
		Release|Any CPU = Release|Any CPU
	EndGlobalSection
	GlobalSection(ProjectConfigurationPlatforms) = postSolution
		{3ED2F94C-E264-4BCC-AEA8-B322DD9F8081}.Debug|Any CPU.ActiveCfg = Debug|Any CPU
		{3ED2F94C-E264-4BCC-AEA8-B322DD9F8081}.Debug|Any CPU.Build.0 = Debug|Any CPU
		{3ED2F94C-E264-4BCC-AEA8-B322DD9F8081}.Release|Any CPU.ActiveCfg = Release|Any CPU
		{3ED2F94C-E264-4BCC-AEA8-B322DD9F8081}.Release|Any CPU.Build.0 = Release|Any CPU
	EndGlobalSection
	GlobalSection(SolutionProperties) = preSolution
		HideSolutionNode = FALSE
	EndGlobalSection
	GlobalSection(ExtensibilityGlobals) = postSolution
		SolutionGuid = {BF0B520C-AE7A-43AF-AB97-FD95196746E2}
	EndGlobalSection
EndGlobal
